
Microsoft Visual Studio Solution File, Format Version 12.00
# Visual Studio Version 16
VisualStudioVersion = 16.0.29905.134
MinimumVisualStudioVersion = 10.0.40219.1
Project("{9A19103F-16F7-4668-BE54-9A1E7A4F7556}") = "SrtTranslator.ConsoleApplication", "SrtTranslator.ConsoleApplication\SrtTranslator.ConsoleApplication.csproj", "{CEC52558-D7BD-43B1-AB77-D38D9FDAEDDD}"
EndProject
Project("{9A19103F-16F7-4668-BE54-9A1E7A4F7556}") = "SrtTranslator.SubtitleFileParser.Tests", "SrtTranslator.SubtitleFileParser.Tests\SrtTranslator.SubtitleFileParser.Tests.csproj", "{4FD7F3D4-5968-429A-8DB4-DF9EC149EE24}"
EndProject
Project("{2150E333-8FDC-42A3-9474-1A3956D46DE8}") = "SubtitleParser", "SubtitleParser", "{D687CD00-58C7-4C6E-BD47-7D4CF4C7BD7D}"
EndProject
Project("{9A19103F-16F7-4668-BE54-9A1E7A4F7556}") = "SrtTranslator.SubtitleFileParser", "SrtTranslator.SubtitleFileParser\SrtTranslator.SubtitleFileParser.csproj", "{694875E0-D3AE-4FD9-B509-D0228E16DF9A}"
EndProject
Project("{2150E333-8FDC-42A3-9474-1A3956D46DE8}") = "SubtitleSerializer", "SubtitleSerializer", "{4C7AB51F-C866-4408-B036-1389E658A00F}"
EndProject
Project("{9A19103F-16F7-4668-BE54-9A1E7A4F7556}") = "SrtTranslator.Core", "SrtTranslator.Core\SrtTranslator.Core.csproj", "{79460812-0A02-460E-B211-63991666A153}"
EndProject
Project("{2150E333-8FDC-42A3-9474-1A3956D46DE8}") = "Core", "Core", "{BC7895D6-72E0-42EF-94AF-EBF598F1F3F5}"
EndProject
Project("{9A19103F-16F7-4668-BE54-9A1E7A4F7556}") = "SrtTranslator.Core.Tests", "SrtTranslator.Core.Tests\SrtTranslator.Core.Tests.csproj", "{D4B8DF77-E7B3-4E99-9357-B37B9372A9C6}"
EndProject
Project("{FAE04EC0-301F-11D3-BF4B-00C04F79EFBC}") = "SrtTranslator.SubtitleSerializer", "SrtTranslator.SubtitleSerializer\SrtTranslator.SubtitleSerializer.csproj", "{E6593A65-A095-4131-A05B-7934F4042936}"
EndProject
Project("{FAE04EC0-301F-11D3-BF4B-00C04F79EFBC}") = "SrtTranslator.SubtitleSerializer.Tests", "SrtTranslator.SubtitleSerializer.Tests\SrtTranslator.SubtitleSerializer.Tests.csproj", "{B8541C2E-2EBD-4B91-B215-CEB6474AB0C2}"
EndProject
Global
	GlobalSection(SolutionConfigurationPlatforms) = preSolution
		Debug|Any CPU = Debug|Any CPU
		Release|Any CPU = Release|Any CPU
	EndGlobalSection
	GlobalSection(ProjectConfigurationPlatforms) = postSolution
		{CEC52558-D7BD-43B1-AB77-D38D9FDAEDDD}.Debug|Any CPU.ActiveCfg = Debug|Any CPU
		{CEC52558-D7BD-43B1-AB77-D38D9FDAEDDD}.Debug|Any CPU.Build.0 = Debug|Any CPU
		{CEC52558-D7BD-43B1-AB77-D38D9FDAEDDD}.Release|Any CPU.ActiveCfg = Release|Any CPU
		{CEC52558-D7BD-43B1-AB77-D38D9FDAEDDD}.Release|Any CPU.Build.0 = Release|Any CPU
		{4FD7F3D4-5968-429A-8DB4-DF9EC149EE24}.Debug|Any CPU.ActiveCfg = Debug|Any CPU
		{4FD7F3D4-5968-429A-8DB4-DF9EC149EE24}.Debug|Any CPU.Build.0 = Debug|Any CPU
		{4FD7F3D4-5968-429A-8DB4-DF9EC149EE24}.Release|Any CPU.ActiveCfg = Release|Any CPU
		{4FD7F3D4-5968-429A-8DB4-DF9EC149EE24}.Release|Any CPU.Build.0 = Release|Any CPU
		{694875E0-D3AE-4FD9-B509-D0228E16DF9A}.Debug|Any CPU.ActiveCfg = Debug|Any CPU
		{694875E0-D3AE-4FD9-B509-D0228E16DF9A}.Debug|Any CPU.Build.0 = Debug|Any CPU
		{694875E0-D3AE-4FD9-B509-D0228E16DF9A}.Release|Any CPU.ActiveCfg = Release|Any CPU
		{694875E0-D3AE-4FD9-B509-D0228E16DF9A}.Release|Any CPU.Build.0 = Release|Any CPU
		{79460812-0A02-460E-B211-63991666A153}.Debug|Any CPU.ActiveCfg = Debug|Any CPU
		{79460812-0A02-460E-B211-63991666A153}.Debug|Any CPU.Build.0 = Debug|Any CPU
		{79460812-0A02-460E-B211-63991666A153}.Release|Any CPU.ActiveCfg = Release|Any CPU
		{79460812-0A02-460E-B211-63991666A153}.Release|Any CPU.Build.0 = Release|Any CPU
		{D4B8DF77-E7B3-4E99-9357-B37B9372A9C6}.Debug|Any CPU.ActiveCfg = Debug|Any CPU
		{D4B8DF77-E7B3-4E99-9357-B37B9372A9C6}.Debug|Any CPU.Build.0 = Debug|Any CPU
		{D4B8DF77-E7B3-4E99-9357-B37B9372A9C6}.Release|Any CPU.ActiveCfg = Release|Any CPU
		{D4B8DF77-E7B3-4E99-9357-B37B9372A9C6}.Release|Any CPU.Build.0 = Release|Any CPU
		{E6593A65-A095-4131-A05B-7934F4042936}.Debug|Any CPU.ActiveCfg = Debug|Any CPU
		{E6593A65-A095-4131-A05B-7934F4042936}.Debug|Any CPU.Build.0 = Debug|Any CPU
		{E6593A65-A095-4131-A05B-7934F4042936}.Release|Any CPU.ActiveCfg = Release|Any CPU
		{E6593A65-A095-4131-A05B-7934F4042936}.Release|Any CPU.Build.0 = Release|Any CPU
		{B8541C2E-2EBD-4B91-B215-CEB6474AB0C2}.Debug|Any CPU.ActiveCfg = Debug|Any CPU
		{B8541C2E-2EBD-4B91-B215-CEB6474AB0C2}.Debug|Any CPU.Build.0 = Debug|Any CPU
		{B8541C2E-2EBD-4B91-B215-CEB6474AB0C2}.Release|Any CPU.ActiveCfg = Release|Any CPU
		{B8541C2E-2EBD-4B91-B215-CEB6474AB0C2}.Release|Any CPU.Build.0 = Release|Any CPU
	EndGlobalSection
	GlobalSection(SolutionProperties) = preSolution
		HideSolutionNode = FALSE
	EndGlobalSection
	GlobalSection(NestedProjects) = preSolution
		{4FD7F3D4-5968-429A-8DB4-DF9EC149EE24} = {D687CD00-58C7-4C6E-BD47-7D4CF4C7BD7D}
		{694875E0-D3AE-4FD9-B509-D0228E16DF9A} = {D687CD00-58C7-4C6E-BD47-7D4CF4C7BD7D}
		{79460812-0A02-460E-B211-63991666A153} = {BC7895D6-72E0-42EF-94AF-EBF598F1F3F5}
		{D4B8DF77-E7B3-4E99-9357-B37B9372A9C6} = {BC7895D6-72E0-42EF-94AF-EBF598F1F3F5}
		{E6593A65-A095-4131-A05B-7934F4042936} = {4C7AB51F-C866-4408-B036-1389E658A00F}
		{B8541C2E-2EBD-4B91-B215-CEB6474AB0C2} = {4C7AB51F-C866-4408-B036-1389E658A00F}
	EndGlobalSection
	GlobalSection(ExtensibilityGlobals) = postSolution
		SolutionGuid = {BC829919-835D-4E22-AFD6-A33E41C69FA5}
	EndGlobalSection
EndGlobal
